
Microsoft Visual Studio Solution File, Format Version 12.00
# Visual Studio Version 17
VisualStudioVersion = 17.4.33122.133
MinimumVisualStudioVersion = 10.0.40219.1
Project("{9A19103F-16F7-4668-BE54-9A1E7A4F7556}") = "ThirtyDollarConverter.Parser", "ThirtyDollarConverter.Parser\ThirtyDollarConverter.Parser.csproj", "{0E225E10-F638-497A-881D-8358D21FE31A}"
EndProject
Project("{9A19103F-16F7-4668-BE54-9A1E7A4F7556}") = "ThirtyDollarConverter", "ThirtyDollarConverter\ThirtyDollarConverter.csproj", "{B878BC71-E458-4630-82C2-9FF42408BB58}"
EndProject
Project("{9A19103F-16F7-4668-BE54-9A1E7A4F7556}") = "ThirtyDollarConverter.Audio", "ThirtyDollarConverter.Audio\ThirtyDollarConverter.Audio.csproj", "{19D1A131-E40C-456B-A336-744A2FBA4EA7}"
EndProject
Project("{FAE04EC0-301F-11D3-BF4B-00C04F79EFBC}") = "ThirtyDollarConverter.Debug", "ThirtyDollarConverter.Debug\ThirtyDollarConverter.Debug.csproj", "{03E1C58E-F88C-4728-B4B8-69D4C0061BCE}"
EndProject
Project("{FAE04EC0-301F-11D3-BF4B-00C04F79EFBC}") = "ThirtyDollarVisualizer", "ThirtyDollarVisualizer\ThirtyDollarVisualizer.csproj", "{5ECD91C4-8558-4274-AD0E-2C0B0C122466}"
EndProject
Project("{FAE04EC0-301F-11D3-BF4B-00C04F79EFBC}") = "ThirtyDollarConverter.Tests", "ThirtyDollarConverter.Tests\ThirtyDollarConverter.Tests.csproj", "{FE2C6896-F05A-4CBA-A0C8-E969FBC0803C}"
EndProject
Project("{FAE04EC0-301F-11D3-BF4B-00C04F79EFBC}") = "ThirtyDollarConverter.GUI", "ThirtyDollarConverter.GUI\ThirtyDollarConverter.GUI.csproj", "{25200C66-0009-4F41-BAC5-0FC955FB9029}"
EndProject
Project("{FAE04EC0-301F-11D3-BF4B-00C04F79EFBC}") = "ThirtyDollarBenchmarks", "ThirtyDollarBenchmarks\ThirtyDollarBenchmarks.csproj", "{7F1702B3-DB77-4F77-A454-007B3D853495}"
EndProject
Project("{FAE04EC0-301F-11D3-BF4B-00C04F79EFBC}") = "BASS.Redist", "BASS.Redist\BASS.Redist.csproj", "{F5FAD4FD-05C2-461D-8A4A-6E97242BE164}"
EndProject
Project("{FAE04EC0-301F-11D3-BF4B-00C04F79EFBC}") = "BMS2TDWex", "BMS2TDWex\BMS2TDWex.csproj", "{56E6C399-DF17-4A26-A959-0795C8C8E4A5}"
EndProject
Project("{FAE04EC0-301F-11D3-BF4B-00C04F79EFBC}") = "ThirtyDollarConverter.CLI", "ThirtyDollarConverter.CLI\ThirtyDollarConverter.CLI.csproj", "{40BA8D3A-4735-412C-911A-1A698B6BE2A5}"
EndProject
Project("{FAE04EC0-301F-11D3-BF4B-00C04F79EFBC}") = "ThirtyDollarConverter.DiscordBot", "ThirtyDollarConverter.DiscordBot\ThirtyDollarConverter.DiscordBot.csproj", "{E89170DA-D51D-4C65-9F3E-0D890F22E591}"
EndProject
Project("{FAE04EC0-301F-11D3-BF4B-00C04F79EFBC}") = "ThirtyDollarVisualizer.Engine.Next", "ThirtyDollarVisualizer.Engine.Next\ThirtyDollarVisualizer.Engine.Next.csproj", "{56A20784-F855-4D6B-A023-239FC9902395}"
EndProject
Global
	GlobalSection(SolutionConfigurationPlatforms) = preSolution
		Debug|Any CPU = Debug|Any CPU
		Release|Any CPU = Release|Any CPU
	EndGlobalSection
	GlobalSection(ProjectConfigurationPlatforms) = postSolution
		{0E225E10-F638-497A-881D-8358D21FE31A}.Debug|Any CPU.ActiveCfg = Debug|Any CPU
		{0E225E10-F638-497A-881D-8358D21FE31A}.Debug|Any CPU.Build.0 = Debug|Any CPU
		{0E225E10-F638-497A-881D-8358D21FE31A}.Release|Any CPU.ActiveCfg = Release|Any CPU
		{0E225E10-F638-497A-881D-8358D21FE31A}.Release|Any CPU.Build.0 = Release|Any CPU
		{B878BC71-E458-4630-82C2-9FF42408BB58}.Debug|Any CPU.ActiveCfg = Debug|Any CPU
		{B878BC71-E458-4630-82C2-9FF42408BB58}.Debug|Any CPU.Build.0 = Debug|Any CPU
		{B878BC71-E458-4630-82C2-9FF42408BB58}.Release|Any CPU.ActiveCfg = Release|Any CPU
		{B878BC71-E458-4630-82C2-9FF42408BB58}.Release|Any CPU.Build.0 = Release|Any CPU
		{19D1A131-E40C-456B-A336-744A2FBA4EA7}.Debug|Any CPU.ActiveCfg = Debug|Any CPU
		{19D1A131-E40C-456B-A336-744A2FBA4EA7}.Debug|Any CPU.Build.0 = Debug|Any CPU
		{19D1A131-E40C-456B-A336-744A2FBA4EA7}.Release|Any CPU.ActiveCfg = Release|Any CPU
		{19D1A131-E40C-456B-A336-744A2FBA4EA7}.Release|Any CPU.Build.0 = Release|Any CPU
		{03E1C58E-F88C-4728-B4B8-69D4C0061BCE}.Debug|Any CPU.ActiveCfg = Debug|Any CPU
		{03E1C58E-F88C-4728-B4B8-69D4C0061BCE}.Debug|Any CPU.Build.0 = Debug|Any CPU
		{03E1C58E-F88C-4728-B4B8-69D4C0061BCE}.Release|Any CPU.ActiveCfg = Release|Any CPU
		{03E1C58E-F88C-4728-B4B8-69D4C0061BCE}.Release|Any CPU.Build.0 = Release|Any CPU
		{5ECD91C4-8558-4274-AD0E-2C0B0C122466}.Debug|Any CPU.ActiveCfg = Debug|Any CPU
		{5ECD91C4-8558-4274-AD0E-2C0B0C122466}.Debug|Any CPU.Build.0 = Debug|Any CPU
		{5ECD91C4-8558-4274-AD0E-2C0B0C122466}.Release|Any CPU.ActiveCfg = Release|Any CPU
		{5ECD91C4-8558-4274-AD0E-2C0B0C122466}.Release|Any CPU.Build.0 = Release|Any CPU
		{FE2C6896-F05A-4CBA-A0C8-E969FBC0803C}.Debug|Any CPU.ActiveCfg = Debug|Any CPU
		{FE2C6896-F05A-4CBA-A0C8-E969FBC0803C}.Debug|Any CPU.Build.0 = Debug|Any CPU
		{FE2C6896-F05A-4CBA-A0C8-E969FBC0803C}.Release|Any CPU.ActiveCfg = Release|Any CPU
		{FE2C6896-F05A-4CBA-A0C8-E969FBC0803C}.Release|Any CPU.Build.0 = Release|Any CPU
		{25200C66-0009-4F41-BAC5-0FC955FB9029}.Debug|Any CPU.ActiveCfg = Debug|Any CPU
		{25200C66-0009-4F41-BAC5-0FC955FB9029}.Debug|Any CPU.Build.0 = Debug|Any CPU
		{25200C66-0009-4F41-BAC5-0FC955FB9029}.Release|Any CPU.ActiveCfg = Release|Any CPU
		{25200C66-0009-4F41-BAC5-0FC955FB9029}.Release|Any CPU.Build.0 = Release|Any CPU
		{7F1702B3-DB77-4F77-A454-007B3D853495}.Debug|Any CPU.ActiveCfg = Debug|Any CPU
		{7F1702B3-DB77-4F77-A454-007B3D853495}.Debug|Any CPU.Build.0 = Debug|Any CPU
		{7F1702B3-DB77-4F77-A454-007B3D853495}.Release|Any CPU.ActiveCfg = Release|Any CPU
		{7F1702B3-DB77-4F77-A454-007B3D853495}.Release|Any CPU.Build.0 = Release|Any CPU
		{F5FAD4FD-05C2-461D-8A4A-6E97242BE164}.Debug|Any CPU.ActiveCfg = Debug|Any CPU
		{F5FAD4FD-05C2-461D-8A4A-6E97242BE164}.Debug|Any CPU.Build.0 = Debug|Any CPU
		{F5FAD4FD-05C2-461D-8A4A-6E97242BE164}.Release|Any CPU.ActiveCfg = Release|Any CPU
		{F5FAD4FD-05C2-461D-8A4A-6E97242BE164}.Release|Any CPU.Build.0 = Release|Any CPU
		{56E6C399-DF17-4A26-A959-0795C8C8E4A5}.Debug|Any CPU.ActiveCfg = Debug|Any CPU
		{56E6C399-DF17-4A26-A959-0795C8C8E4A5}.Debug|Any CPU.Build.0 = Debug|Any CPU
		{56E6C399-DF17-4A26-A959-0795C8C8E4A5}.Release|Any CPU.ActiveCfg = Release|Any CPU
		{56E6C399-DF17-4A26-A959-0795C8C8E4A5}.Release|Any CPU.Build.0 = Release|Any CPU
		{40BA8D3A-4735-412C-911A-1A698B6BE2A5}.Debug|Any CPU.ActiveCfg = Debug|Any CPU
		{40BA8D3A-4735-412C-911A-1A698B6BE2A5}.Debug|Any CPU.Build.0 = Debug|Any CPU
		{40BA8D3A-4735-412C-911A-1A698B6BE2A5}.Release|Any CPU.ActiveCfg = Release|Any CPU
		{40BA8D3A-4735-412C-911A-1A698B6BE2A5}.Release|Any CPU.Build.0 = Release|Any CPU
		{E89170DA-D51D-4C65-9F3E-0D890F22E591}.Debug|Any CPU.ActiveCfg = Debug|Any CPU
		{E89170DA-D51D-4C65-9F3E-0D890F22E591}.Debug|Any CPU.Build.0 = Debug|Any CPU
		{E89170DA-D51D-4C65-9F3E-0D890F22E591}.Release|Any CPU.ActiveCfg = Release|Any CPU
		{E89170DA-D51D-4C65-9F3E-0D890F22E591}.Release|Any CPU.Build.0 = Release|Any CPU
		{56A20784-F855-4D6B-A023-239FC9902395}.Debug|Any CPU.ActiveCfg = Debug|Any CPU
		{56A20784-F855-4D6B-A023-239FC9902395}.Debug|Any CPU.Build.0 = Debug|Any CPU
		{56A20784-F855-4D6B-A023-239FC9902395}.Release|Any CPU.ActiveCfg = Release|Any CPU
		{56A20784-F855-4D6B-A023-239FC9902395}.Release|Any CPU.Build.0 = Release|Any CPU
	EndGlobalSection
	GlobalSection(SolutionProperties) = preSolution
		HideSolutionNode = FALSE
	EndGlobalSection
	GlobalSection(ExtensibilityGlobals) = postSolution
		SolutionGuid = {6333FB59-4D9A-4BD9-B36A-A62CD5648003}
	EndGlobalSection
EndGlobal
