
Microsoft Visual Studio Solution File, Format Version 12.00
# Visual Studio Version 17
VisualStudioVersion = 17.4.33122.133
MinimumVisualStudioVersion = 10.0.40219.1
Project("{2150E333-8FDC-42A3-9474-1A3956D46DE8}") = "Converter", "Converter", "{34B0E74F-F3BD-4A74-889E-1FA1CEC0B1B7}"
EndProject

Project("{FAE04EC0-301F-11D3-BF4B-00C04F79EFBC}") = "ThirtyDollarBenchmarks", "ThirtyDollarBenchmarks\ThirtyDollarBenchmarks.csproj", "{7F1702B3-DB77-4F77-A454-007B3D853495}"
EndProject
Project("{FAE04EC0-301F-11D3-BF4B-00C04F79EFBC}") = "BASS.Redist", "BASS.Redist\BASS.Redist.csproj", "{F5FAD4FD-05C2-461D-8A4A-6E97242BE164}"
EndProject
Project("{FAE04EC0-301F-11D3-BF4B-00C04F79EFBC}") = "BMS2TDWex", "BMS2TDWex\BMS2TDWex.csproj", "{56E6C399-DF17-4A26-A959-0795C8C8E4A5}"
EndProject

Project("{9A19103F-16F7-4668-BE54-9A1E7A4F7556}") = "ThirtyDollarConverter.Parser", "Converter\ThirtyDollarConverter.Parser\ThirtyDollarConverter.Parser.csproj", "{0E225E10-F638-497A-881D-8358D21FE31A}"
EndProject
Project("{9A19103F-16F7-4668-BE54-9A1E7A4F7556}") = "ThirtyDollarConverter", "Converter\ThirtyDollarConverter\ThirtyDollarConverter.csproj", "{B878BC71-E458-4630-82C2-9FF42408BB58}"
EndProject
Project("{9A19103F-16F7-4668-BE54-9A1E7A4F7556}") = "ThirtyDollarConverter.Audio", "Converter\ThirtyDollarConverter.Audio\ThirtyDollarConverter.Audio.csproj", "{19D1A131-E40C-456B-A336-744A2FBA4EA7}"
EndProject
Project("{FAE04EC0-301F-11D3-BF4B-00C04F79EFBC}") = "ThirtyDollarConverter.Debug", "Converter\ThirtyDollarConverter.Debug\ThirtyDollarConverter.Debug.csproj", "{03E1C58E-F88C-4728-B4B8-69D4C0061BCE}"
EndProject

Project("{FAE04EC0-301F-11D3-BF4B-00C04F79EFBC}") = "ThirtyDollarConverter.Tests", "Converter\ThirtyDollarConverter.Tests\ThirtyDollarConverter.Tests.csproj", "{FE2C6896-F05A-4CBA-A0C8-E969FBC0803C}"
EndProject
Project("{FAE04EC0-301F-11D3-BF4B-00C04F79EFBC}") = "ThirtyDollarConverter.GUI", "Converter\ThirtyDollarConverter.GUI\ThirtyDollarConverter.GUI.csproj", "{25200C66-0009-4F41-BAC5-0FC955FB9029}"
EndProject
Project("{FAE04EC0-301F-11D3-BF4B-00C04F79EFBC}") = "ThirtyDollarConverter.CLI", "Converter\ThirtyDollarConverter.CLI\ThirtyDollarConverter.CLI.csproj", "{40BA8D3A-4735-412C-911A-1A698B6BE2A5}"
EndProject
Project("{FAE04EC0-301F-11D3-BF4B-00C04F79EFBC}") = "ThirtyDollarConverter.DiscordBot", "Converter\ThirtyDollarConverter.DiscordBot\ThirtyDollarConverter.DiscordBot.csproj", "{E89170DA-D51D-4C65-9F3E-0D890F22E591}"
EndProject
Project("{FAE04EC0-301F-11D3-BF4B-00C04F79EFBC}") = "ThirtyDollarConverter.Migrate", "Converter\ThirtyDollarConverter.Migrate\ThirtyDollarConverter.Migrate.csproj", "{C13D23BF-3750-46A5-ABFC-B15314962D18}"
EndProject
Project("{FAE04EC0-301F-11D3-BF4B-00C04F79EFBC}") = "ThirtyDollarConverter.EngineerSounds", "Converter\ThirtyDollarConverter.EngineerSounds\ThirtyDollarConverter.EngineerSounds.csproj", "{5AD32620-10EF-401C-99AE-8F725BAF2AC9}"
EndProject
Project("{FAE04EC0-301F-11D3-BF4B-00C04F79EFBC}") = "ThirtyDollarConverter.Next", "Converter\ThirtyDollarConverter.Next\ThirtyDollarConverter.Next.csproj", "{A7009182-F3E8-4269-B0A9-37537D1B55B9}"
EndProject

Project("{2150E333-8FDC-42A3-9474-1A3956D46DE8}") = "Visualizer", "Visualizer", "{D5C41107-A123-4D71-943F-3A3B5EAC7322}"
EndProject
Project("{FAE04EC0-301F-11D3-BF4B-00C04F79EFBC}") = "ThirtyDollarVisualizer", "Visualizer\ThirtyDollarVisualizer\ThirtyDollarVisualizer.csproj", "{5ECD91C4-8558-4274-AD0E-2C0B0C122466}"
EndProject
Project("{FAE04EC0-301F-11D3-BF4B-00C04F79EFBC}") = "Sundex.Engine", "Visualizer\Engine\Sundex.Engine\Sundex.Engine.csproj", "{DF517DC7-35F6-4382-8522-693F6E5E1D2B}"
EndProject
Project("{FAE04EC0-301F-11D3-BF4B-00C04F79EFBC}") = "Sundex.Engine.DummyProject", "Visualizer\Engine\Sundex.Engine.DummyProject\Sundex.Engine.DummyProject.csproj", "{EDBB0343-21E7-42EE-8E5F-0F819A64E783}"
EndProject

Project("{2150E333-8FDC-42A3-9474-1A3956D46DE8}") = "Scenes", "Scenes", "{DADD5FC2-3922-457E-8BF2-DF7C38CBA2BA}"
EndProject
Project("{FAE04EC0-301F-11D3-BF4B-00C04F79EFBC}") = "LoadingScene", "Visualizer\Scenes\LoadingScene\LoadingScene.csproj", "{5E96A329-BE07-4C94-8864-1F1E573DC695}"
EndProject
Project("{FAE04EC0-301F-11D3-BF4B-00C04F79EFBC}") = "VisualizerScene", "Visualizer\Scenes\VisualizerScene\VisualizerScene.csproj", "{2B8E07AF-5E15-4DE7-89D1-A50EAC23D5ED}"
EndProject
Project("{FAE04EC0-301F-11D3-BF4B-00C04F79EFBC}") = "EditorScene", "Visualizer\Scenes\EditorScene\EditorScene.csproj", "{25F27C8A-3154-45F4-ABCC-D03293A5117B}"
EndProject
Project("{FAE04EC0-301F-11D3-BF4B-00C04F79EFBC}") = "Shared", "Visualizer\Scenes\Shared\Shared.csproj", "{200A65BA-4A08-4FE2-89B5-6530A86BB0FA}"
EndProject
Project("{FAE04EC0-301F-11D3-BF4B-00C04F79EFBC}") = "Sundex.Components", "Visualizer\Sundex.Components\Sundex.Components.csproj", "{16CF0613-8DC6-403B-A9D0-5D714396F100}"
EndProject
Project("{FAE04EC0-301F-11D3-BF4B-00C04F79EFBC}") = "HomeScene", "Visualizer\Scenes\HomeScene\HomeScene.csproj", "{D87C5CF3-5C84-4A5B-A8B8-85039C835F80}"
EndProject
Project("{FAE04EC0-301F-11D3-BF4B-00C04F79EFBC}") = "Sundex.Components.Tests", "Visualizer\Sundex.Components.Tests\Sundex.Components.Tests.csproj", "{C7E6AB35-090C-4C90-A28E-C0A87FFD8C6E}"
EndProject
Project("{FAE04EC0-301F-11D3-BF4B-00C04F79EFBC}") = "Sundex.Markup", "Visualizer\Engine\Sundex.Markup\Sundex.Markup.csproj", "{0FCCD5FF-F78E-43B3-94E3-CAA42528ABAC}"
EndProject
Project("{FAE04EC0-301F-11D3-BF4B-00C04F79EFBC}") = "Sundex.Markup.Tests", "Visualizer\Engine\Sundex.Markup.Tests\Sundex.Markup.Tests.csproj", "{B488B03A-DE2E-48AF-8DDB-83E68DBC1E41}"
EndProject
Project("{FAE04EC0-301F-11D3-BF4B-00C04F79EFBC}") = "Sundex.Core", "Visualizer\Engine\Sundex.Core\Sundex.Core.csproj", "{DF285298-BE38-48E5-A74D-88F1E22B119D}"
EndProject
Project("{FAE04EC0-301F-11D3-BF4B-00C04F79EFBC}") = "Sundex.Markup.Debug", "Visualizer\Engine\Sundex.Markup.Debug\Sundex.Markup.Debug.csproj", "{BE3F36CF-E7C0-4189-8C4E-08C5224CD371}"
EndProject
Project("{FAE04EC0-301F-11D3-BF4B-00C04F79EFBC}") = "Sundex.Style.DSL", "Visualizer\Engine\Style DSL\Sundex.Style.DSL\Sundex.Style.DSL.csproj", "{19EE6514-DAC4-4644-8730-10D5934FA434}"
EndProject
Project("{FAE04EC0-301F-11D3-BF4B-00C04F79EFBC}") = "Sundex.Style.DSL.Tests", "Visualizer\Engine\Style DSL\Sundex.Style.DSL.Tests\Sundex.Style.DSL.Tests.csproj", "{45C0614F-FABC-47F4-997B-EB4CC324A3E4}"
EndProject
Project("{FAE04EC0-301F-11D3-BF4B-00C04F79EFBC}") = "DrumMasterScene", "Visualizer\Scenes\DrumMasterScene\DrumMasterScene.csproj", "{5B4947B9-D033-406C-9C56-0F1A53133DBB}"
EndProject
Project("{FAE04EC0-301F-11D3-BF4B-00C04F79EFBC}") = "SettingsScene", "Visualizer\Scenes\SettingsScene\SettingsScene.csproj", "{F0CAD6D1-12C8-49B2-94EB-F057A7168C48}"
EndProject
Project("{2150E333-8FDC-42A3-9474-1A3956D46DE8}") = "Sundex", "Sundex", "{DC2DD939-4F3E-4895-8A50-BDC082B455C0}"
EndProject
Project("{2150E333-8FDC-42A3-9474-1A3956D46DE8}") = "Tests", "Tests", "{76AB0782-2913-410F-823E-328BED055A79}"
EndProject
Project("{2150E333-8FDC-42A3-9474-1A3956D46DE8}") = "Debug", "Debug", "{F511964E-D875-4895-A597-66CDF2BA8E36}"
EndProject

Global
	GlobalSection(SolutionConfigurationPlatforms) = preSolution
		Debug|Any CPU = Debug|Any CPU
		Release|Any CPU = Release|Any CPU
	EndGlobalSection
	GlobalSection(ProjectConfigurationPlatforms) = postSolution
		{0E225E10-F638-497A-881D-8358D21FE31A}.Debug|Any CPU.ActiveCfg = Debug|Any CPU
		{0E225E10-F638-497A-881D-8358D21FE31A}.Debug|Any CPU.Build.0 = Debug|Any CPU
		{0E225E10-F638-497A-881D-8358D21FE31A}.Release|Any CPU.ActiveCfg = Release|Any CPU
		{0E225E10-F638-497A-881D-8358D21FE31A}.Release|Any CPU.Build.0 = Release|Any CPU
		{B878BC71-E458-4630-82C2-9FF42408BB58}.Debug|Any CPU.ActiveCfg = Debug|Any CPU
		{B878BC71-E458-4630-82C2-9FF42408BB58}.Debug|Any CPU.Build.0 = Debug|Any CPU
		{B878BC71-E458-4630-82C2-9FF42408BB58}.Release|Any CPU.ActiveCfg = Release|Any CPU
		{B878BC71-E458-4630-82C2-9FF42408BB58}.Release|Any CPU.Build.0 = Release|Any CPU
		{19D1A131-E40C-456B-A336-744A2FBA4EA7}.Debug|Any CPU.ActiveCfg = Debug|Any CPU
		{19D1A131-E40C-456B-A336-744A2FBA4EA7}.Debug|Any CPU.Build.0 = Debug|Any CPU
		{19D1A131-E40C-456B-A336-744A2FBA4EA7}.Release|Any CPU.ActiveCfg = Release|Any CPU
		{19D1A131-E40C-456B-A336-744A2FBA4EA7}.Release|Any CPU.Build.0 = Release|Any CPU
		{03E1C58E-F88C-4728-B4B8-69D4C0061BCE}.Debug|Any CPU.ActiveCfg = Debug|Any CPU
		{03E1C58E-F88C-4728-B4B8-69D4C0061BCE}.Debug|Any CPU.Build.0 = Debug|Any CPU
		{03E1C58E-F88C-4728-B4B8-69D4C0061BCE}.Release|Any CPU.ActiveCfg = Release|Any CPU
		{03E1C58E-F88C-4728-B4B8-69D4C0061BCE}.Release|Any CPU.Build.0 = Release|Any CPU
		{5ECD91C4-8558-4274-AD0E-2C0B0C122466}.Debug|Any CPU.ActiveCfg = Debug|Any CPU
		{5ECD91C4-8558-4274-AD0E-2C0B0C122466}.Debug|Any CPU.Build.0 = Debug|Any CPU
		{5ECD91C4-8558-4274-AD0E-2C0B0C122466}.Release|Any CPU.ActiveCfg = Release|Any CPU
		{5ECD91C4-8558-4274-AD0E-2C0B0C122466}.Release|Any CPU.Build.0 = Release|Any CPU
		{FE2C6896-F05A-4CBA-A0C8-E969FBC0803C}.Debug|Any CPU.ActiveCfg = Debug|Any CPU
		{FE2C6896-F05A-4CBA-A0C8-E969FBC0803C}.Debug|Any CPU.Build.0 = Debug|Any CPU
		{FE2C6896-F05A-4CBA-A0C8-E969FBC0803C}.Release|Any CPU.ActiveCfg = Release|Any CPU
		{FE2C6896-F05A-4CBA-A0C8-E969FBC0803C}.Release|Any CPU.Build.0 = Release|Any CPU
		{25200C66-0009-4F41-BAC5-0FC955FB9029}.Debug|Any CPU.ActiveCfg = Debug|Any CPU
		{25200C66-0009-4F41-BAC5-0FC955FB9029}.Debug|Any CPU.Build.0 = Debug|Any CPU
		{25200C66-0009-4F41-BAC5-0FC955FB9029}.Release|Any CPU.ActiveCfg = Release|Any CPU
		{25200C66-0009-4F41-BAC5-0FC955FB9029}.Release|Any CPU.Build.0 = Release|Any CPU
		{7F1702B3-DB77-4F77-A454-007B3D853495}.Debug|Any CPU.ActiveCfg = Debug|Any CPU
		{7F1702B3-DB77-4F77-A454-007B3D853495}.Debug|Any CPU.Build.0 = Debug|Any CPU
		{7F1702B3-DB77-4F77-A454-007B3D853495}.Release|Any CPU.ActiveCfg = Release|Any CPU
		{7F1702B3-DB77-4F77-A454-007B3D853495}.Release|Any CPU.Build.0 = Release|Any CPU
		{F5FAD4FD-05C2-461D-8A4A-6E97242BE164}.Debug|Any CPU.ActiveCfg = Debug|Any CPU
		{F5FAD4FD-05C2-461D-8A4A-6E97242BE164}.Debug|Any CPU.Build.0 = Debug|Any CPU
		{F5FAD4FD-05C2-461D-8A4A-6E97242BE164}.Release|Any CPU.ActiveCfg = Release|Any CPU
		{F5FAD4FD-05C2-461D-8A4A-6E97242BE164}.Release|Any CPU.Build.0 = Release|Any CPU
		{56E6C399-DF17-4A26-A959-0795C8C8E4A5}.Debug|Any CPU.ActiveCfg = Debug|Any CPU
		{56E6C399-DF17-4A26-A959-0795C8C8E4A5}.Debug|Any CPU.Build.0 = Debug|Any CPU
		{56E6C399-DF17-4A26-A959-0795C8C8E4A5}.Release|Any CPU.ActiveCfg = Release|Any CPU
		{56E6C399-DF17-4A26-A959-0795C8C8E4A5}.Release|Any CPU.Build.0 = Release|Any CPU
		{40BA8D3A-4735-412C-911A-1A698B6BE2A5}.Debug|Any CPU.ActiveCfg = Debug|Any CPU
		{40BA8D3A-4735-412C-911A-1A698B6BE2A5}.Debug|Any CPU.Build.0 = Debug|Any CPU
		{40BA8D3A-4735-412C-911A-1A698B6BE2A5}.Release|Any CPU.ActiveCfg = Release|Any CPU
		{40BA8D3A-4735-412C-911A-1A698B6BE2A5}.Release|Any CPU.Build.0 = Release|Any CPU
		{E89170DA-D51D-4C65-9F3E-0D890F22E591}.Debug|Any CPU.ActiveCfg = Debug|Any CPU
		{E89170DA-D51D-4C65-9F3E-0D890F22E591}.Debug|Any CPU.Build.0 = Debug|Any CPU
		{E89170DA-D51D-4C65-9F3E-0D890F22E591}.Release|Any CPU.ActiveCfg = Release|Any CPU
		{E89170DA-D51D-4C65-9F3E-0D890F22E591}.Release|Any CPU.Build.0 = Release|Any CPU
		{C13D23BF-3750-46A5-ABFC-B15314962D18}.Debug|Any CPU.ActiveCfg = Debug|Any CPU
		{C13D23BF-3750-46A5-ABFC-B15314962D18}.Debug|Any CPU.Build.0 = Debug|Any CPU
		{C13D23BF-3750-46A5-ABFC-B15314962D18}.Release|Any CPU.ActiveCfg = Release|Any CPU
		{C13D23BF-3750-46A5-ABFC-B15314962D18}.Release|Any CPU.Build.0 = Release|Any CPU
		{DF517DC7-35F6-4382-8522-693F6E5E1D2B}.Debug|Any CPU.ActiveCfg = Debug|Any CPU
		{DF517DC7-35F6-4382-8522-693F6E5E1D2B}.Debug|Any CPU.Build.0 = Debug|Any CPU
		{DF517DC7-35F6-4382-8522-693F6E5E1D2B}.Release|Any CPU.ActiveCfg = Release|Any CPU
		{DF517DC7-35F6-4382-8522-693F6E5E1D2B}.Release|Any CPU.Build.0 = Release|Any CPU
		{5AD32620-10EF-401C-99AE-8F725BAF2AC9}.Debug|Any CPU.ActiveCfg = Debug|Any CPU
		{5AD32620-10EF-401C-99AE-8F725BAF2AC9}.Debug|Any CPU.Build.0 = Debug|Any CPU
		{5AD32620-10EF-401C-99AE-8F725BAF2AC9}.Release|Any CPU.ActiveCfg = Release|Any CPU
		{5AD32620-10EF-401C-99AE-8F725BAF2AC9}.Release|Any CPU.Build.0 = Release|Any CPU
		{EDBB0343-21E7-42EE-8E5F-0F819A64E783}.Debug|Any CPU.ActiveCfg = Debug|Any CPU
		{EDBB0343-21E7-42EE-8E5F-0F819A64E783}.Debug|Any CPU.Build.0 = Debug|Any CPU
		{EDBB0343-21E7-42EE-8E5F-0F819A64E783}.Release|Any CPU.ActiveCfg = Release|Any CPU
		{EDBB0343-21E7-42EE-8E5F-0F819A64E783}.Release|Any CPU.Build.0 = Release|Any CPU
		{A7009182-F3E8-4269-B0A9-37537D1B55B9}.Debug|Any CPU.ActiveCfg = Debug|Any CPU
		{A7009182-F3E8-4269-B0A9-37537D1B55B9}.Debug|Any CPU.Build.0 = Debug|Any CPU
		{A7009182-F3E8-4269-B0A9-37537D1B55B9}.Release|Any CPU.ActiveCfg = Release|Any CPU
		{A7009182-F3E8-4269-B0A9-37537D1B55B9}.Release|Any CPU.Build.0 = Release|Any CPU
		{5E96A329-BE07-4C94-8864-1F1E573DC695}.Debug|Any CPU.ActiveCfg = Debug|Any CPU
		{5E96A329-BE07-4C94-8864-1F1E573DC695}.Debug|Any CPU.Build.0 = Debug|Any CPU
		{5E96A329-BE07-4C94-8864-1F1E573DC695}.Release|Any CPU.ActiveCfg = Release|Any CPU
		{5E96A329-BE07-4C94-8864-1F1E573DC695}.Release|Any CPU.Build.0 = Release|Any CPU
		{2B8E07AF-5E15-4DE7-89D1-A50EAC23D5ED}.Debug|Any CPU.ActiveCfg = Debug|Any CPU
		{2B8E07AF-5E15-4DE7-89D1-A50EAC23D5ED}.Debug|Any CPU.Build.0 = Debug|Any CPU
		{2B8E07AF-5E15-4DE7-89D1-A50EAC23D5ED}.Release|Any CPU.ActiveCfg = Release|Any CPU
		{2B8E07AF-5E15-4DE7-89D1-A50EAC23D5ED}.Release|Any CPU.Build.0 = Release|Any CPU
		{25F27C8A-3154-45F4-ABCC-D03293A5117B}.Debug|Any CPU.ActiveCfg = Debug|Any CPU
		{25F27C8A-3154-45F4-ABCC-D03293A5117B}.Debug|Any CPU.Build.0 = Debug|Any CPU
		{25F27C8A-3154-45F4-ABCC-D03293A5117B}.Release|Any CPU.ActiveCfg = Release|Any CPU
		{25F27C8A-3154-45F4-ABCC-D03293A5117B}.Release|Any CPU.Build.0 = Release|Any CPU
		{200A65BA-4A08-4FE2-89B5-6530A86BB0FA}.Debug|Any CPU.ActiveCfg = Debug|Any CPU
		{200A65BA-4A08-4FE2-89B5-6530A86BB0FA}.Debug|Any CPU.Build.0 = Debug|Any CPU
		{200A65BA-4A08-4FE2-89B5-6530A86BB0FA}.Release|Any CPU.ActiveCfg = Release|Any CPU
		{200A65BA-4A08-4FE2-89B5-6530A86BB0FA}.Release|Any CPU.Build.0 = Release|Any CPU
		{16CF0613-8DC6-403B-A9D0-5D714396F100}.Debug|Any CPU.ActiveCfg = Debug|Any CPU
		{16CF0613-8DC6-403B-A9D0-5D714396F100}.Debug|Any CPU.Build.0 = Debug|Any CPU
		{16CF0613-8DC6-403B-A9D0-5D714396F100}.Release|Any CPU.ActiveCfg = Release|Any CPU
		{16CF0613-8DC6-403B-A9D0-5D714396F100}.Release|Any CPU.Build.0 = Release|Any CPU
		{D87C5CF3-5C84-4A5B-A8B8-85039C835F80}.Debug|Any CPU.ActiveCfg = Debug|Any CPU
		{D87C5CF3-5C84-4A5B-A8B8-85039C835F80}.Debug|Any CPU.Build.0 = Debug|Any CPU
		{D87C5CF3-5C84-4A5B-A8B8-85039C835F80}.Release|Any CPU.ActiveCfg = Release|Any CPU
		{D87C5CF3-5C84-4A5B-A8B8-85039C835F80}.Release|Any CPU.Build.0 = Release|Any CPU
		{C7E6AB35-090C-4C90-A28E-C0A87FFD8C6E}.Debug|Any CPU.ActiveCfg = Debug|Any CPU
		{C7E6AB35-090C-4C90-A28E-C0A87FFD8C6E}.Debug|Any CPU.Build.0 = Debug|Any CPU
		{C7E6AB35-090C-4C90-A28E-C0A87FFD8C6E}.Release|Any CPU.ActiveCfg = Release|Any CPU
		{C7E6AB35-090C-4C90-A28E-C0A87FFD8C6E}.Release|Any CPU.Build.0 = Release|Any CPU
		{0FCCD5FF-F78E-43B3-94E3-CAA42528ABAC}.Debug|Any CPU.ActiveCfg = Debug|Any CPU
		{0FCCD5FF-F78E-43B3-94E3-CAA42528ABAC}.Debug|Any CPU.Build.0 = Debug|Any CPU
		{0FCCD5FF-F78E-43B3-94E3-CAA42528ABAC}.Release|Any CPU.ActiveCfg = Release|Any CPU
		{0FCCD5FF-F78E-43B3-94E3-CAA42528ABAC}.Release|Any CPU.Build.0 = Release|Any CPU
		{B488B03A-DE2E-48AF-8DDB-83E68DBC1E41}.Debug|Any CPU.ActiveCfg = Debug|Any CPU
		{B488B03A-DE2E-48AF-8DDB-83E68DBC1E41}.Debug|Any CPU.Build.0 = Debug|Any CPU
		{B488B03A-DE2E-48AF-8DDB-83E68DBC1E41}.Release|Any CPU.ActiveCfg = Release|Any CPU
		{B488B03A-DE2E-48AF-8DDB-83E68DBC1E41}.Release|Any CPU.Build.0 = Release|Any CPU
		{DF285298-BE38-48E5-A74D-88F1E22B119D}.Debug|Any CPU.ActiveCfg = Debug|Any CPU
		{DF285298-BE38-48E5-A74D-88F1E22B119D}.Debug|Any CPU.Build.0 = Debug|Any CPU
		{DF285298-BE38-48E5-A74D-88F1E22B119D}.Release|Any CPU.ActiveCfg = Release|Any CPU
		{DF285298-BE38-48E5-A74D-88F1E22B119D}.Release|Any CPU.Build.0 = Release|Any CPU
		{BE3F36CF-E7C0-4189-8C4E-08C5224CD371}.Debug|Any CPU.ActiveCfg = Debug|Any CPU
		{BE3F36CF-E7C0-4189-8C4E-08C5224CD371}.Debug|Any CPU.Build.0 = Debug|Any CPU
		{BE3F36CF-E7C0-4189-8C4E-08C5224CD371}.Release|Any CPU.ActiveCfg = Release|Any CPU
		{BE3F36CF-E7C0-4189-8C4E-08C5224CD371}.Release|Any CPU.Build.0 = Release|Any CPU
		{19EE6514-DAC4-4644-8730-10D5934FA434}.Debug|Any CPU.ActiveCfg = Debug|Any CPU
		{19EE6514-DAC4-4644-8730-10D5934FA434}.Debug|Any CPU.Build.0 = Debug|Any CPU
		{19EE6514-DAC4-4644-8730-10D5934FA434}.Release|Any CPU.ActiveCfg = Release|Any CPU
		{19EE6514-DAC4-4644-8730-10D5934FA434}.Release|Any CPU.Build.0 = Release|Any CPU
		{45C0614F-FABC-47F4-997B-EB4CC324A3E4}.Debug|Any CPU.ActiveCfg = Debug|Any CPU
		{45C0614F-FABC-47F4-997B-EB4CC324A3E4}.Debug|Any CPU.Build.0 = Debug|Any CPU
		{45C0614F-FABC-47F4-997B-EB4CC324A3E4}.Release|Any CPU.ActiveCfg = Release|Any CPU
		{45C0614F-FABC-47F4-997B-EB4CC324A3E4}.Release|Any CPU.Build.0 = Release|Any CPU
		{5B4947B9-D033-406C-9C56-0F1A53133DBB}.Debug|Any CPU.ActiveCfg = Debug|Any CPU
		{5B4947B9-D033-406C-9C56-0F1A53133DBB}.Debug|Any CPU.Build.0 = Debug|Any CPU
		{5B4947B9-D033-406C-9C56-0F1A53133DBB}.Release|Any CPU.ActiveCfg = Release|Any CPU
		{5B4947B9-D033-406C-9C56-0F1A53133DBB}.Release|Any CPU.Build.0 = Release|Any CPU
		{F0CAD6D1-12C8-49B2-94EB-F057A7168C48}.Debug|Any CPU.ActiveCfg = Debug|Any CPU
		{F0CAD6D1-12C8-49B2-94EB-F057A7168C48}.Debug|Any CPU.Build.0 = Debug|Any CPU
		{F0CAD6D1-12C8-49B2-94EB-F057A7168C48}.Release|Any CPU.ActiveCfg = Release|Any CPU
		{F0CAD6D1-12C8-49B2-94EB-F057A7168C48}.Release|Any CPU.Build.0 = Release|Any CPU
	EndGlobalSection
	GlobalSection(SolutionProperties) = preSolution
		HideSolutionNode = FALSE
	EndGlobalSection
	GlobalSection(ExtensibilityGlobals) = postSolution
		SolutionGuid = {6333FB59-4D9A-4BD9-B36A-A62CD5648003}
	EndGlobalSection
	GlobalSection(NestedProjects) = preSolution
		{B878BC71-E458-4630-82C2-9FF42408BB58} = {34B0E74F-F3BD-4A74-889E-1FA1CEC0B1B7}
		{19D1A131-E40C-456B-A336-744A2FBA4EA7} = {34B0E74F-F3BD-4A74-889E-1FA1CEC0B1B7}
		{40BA8D3A-4735-412C-911A-1A698B6BE2A5} = {34B0E74F-F3BD-4A74-889E-1FA1CEC0B1B7}
		{03E1C58E-F88C-4728-B4B8-69D4C0061BCE} = {34B0E74F-F3BD-4A74-889E-1FA1CEC0B1B7}
		{E89170DA-D51D-4C65-9F3E-0D890F22E591} = {34B0E74F-F3BD-4A74-889E-1FA1CEC0B1B7}
		{25200C66-0009-4F41-BAC5-0FC955FB9029} = {34B0E74F-F3BD-4A74-889E-1FA1CEC0B1B7}
		{C13D23BF-3750-46A5-ABFC-B15314962D18} = {34B0E74F-F3BD-4A74-889E-1FA1CEC0B1B7}
		{0E225E10-F638-497A-881D-8358D21FE31A} = {34B0E74F-F3BD-4A74-889E-1FA1CEC0B1B7}
		{FE2C6896-F05A-4CBA-A0C8-E969FBC0803C} = {34B0E74F-F3BD-4A74-889E-1FA1CEC0B1B7}
		{5ECD91C4-8558-4274-AD0E-2C0B0C122466} = {D5C41107-A123-4D71-943F-3A3B5EAC7322}
		{5AD32620-10EF-401C-99AE-8F725BAF2AC9} = {34B0E74F-F3BD-4A74-889E-1FA1CEC0B1B7}
		{A7009182-F3E8-4269-B0A9-37537D1B55B9} = {34B0E74F-F3BD-4A74-889E-1FA1CEC0B1B7}
		{DADD5FC2-3922-457E-8BF2-DF7C38CBA2BA} = {D5C41107-A123-4D71-943F-3A3B5EAC7322}
		{5E96A329-BE07-4C94-8864-1F1E573DC695} = {DADD5FC2-3922-457E-8BF2-DF7C38CBA2BA}
		{2B8E07AF-5E15-4DE7-89D1-A50EAC23D5ED} = {DADD5FC2-3922-457E-8BF2-DF7C38CBA2BA}
		{25F27C8A-3154-45F4-ABCC-D03293A5117B} = {DADD5FC2-3922-457E-8BF2-DF7C38CBA2BA}
		{200A65BA-4A08-4FE2-89B5-6530A86BB0FA} = {D5C41107-A123-4D71-943F-3A3B5EAC7322}
		{D87C5CF3-5C84-4A5B-A8B8-85039C835F80} = {DADD5FC2-3922-457E-8BF2-DF7C38CBA2BA}
		{5B4947B9-D033-406C-9C56-0F1A53133DBB} = {DADD5FC2-3922-457E-8BF2-DF7C38CBA2BA}
		{F0CAD6D1-12C8-49B2-94EB-F057A7168C48} = {DADD5FC2-3922-457E-8BF2-DF7C38CBA2BA}
		{DF285298-BE38-48E5-A74D-88F1E22B119D} = {DC2DD939-4F3E-4895-8A50-BDC082B455C0}
		{DF517DC7-35F6-4382-8522-693F6E5E1D2B} = {DC2DD939-4F3E-4895-8A50-BDC082B455C0}
		{16CF0613-8DC6-403B-A9D0-5D714396F100} = {DC2DD939-4F3E-4895-8A50-BDC082B455C0}
		{0FCCD5FF-F78E-43B3-94E3-CAA42528ABAC} = {DC2DD939-4F3E-4895-8A50-BDC082B455C0}
		{19EE6514-DAC4-4644-8730-10D5934FA434} = {DC2DD939-4F3E-4895-8A50-BDC082B455C0}
		{76AB0782-2913-410F-823E-328BED055A79} = {DC2DD939-4F3E-4895-8A50-BDC082B455C0}
		{C7E6AB35-090C-4C90-A28E-C0A87FFD8C6E} = {76AB0782-2913-410F-823E-328BED055A79}
		{B488B03A-DE2E-48AF-8DDB-83E68DBC1E41} = {76AB0782-2913-410F-823E-328BED055A79}
		{45C0614F-FABC-47F4-997B-EB4CC324A3E4} = {76AB0782-2913-410F-823E-328BED055A79}
		{F511964E-D875-4895-A597-66CDF2BA8E36} = {DC2DD939-4F3E-4895-8A50-BDC082B455C0}
		{EDBB0343-21E7-42EE-8E5F-0F819A64E783} = {F511964E-D875-4895-A597-66CDF2BA8E36}
		{BE3F36CF-E7C0-4189-8C4E-08C5224CD371} = {F511964E-D875-4895-A597-66CDF2BA8E36}
	EndGlobalSection
EndGlobal
